<?xml version="1.0" encoding="utf-8"?>
<Project ToolsVersion="4.0" xmlns="http://schemas.microsoft.com/developer/msbuild/2003">
  <ItemGroup>
    <Filter Include="Source Files">
      <UniqueIdentifier>{4FC737F1-C7A5-4376-A066-2A32D752A2FF}</UniqueIdentifier>
      <Extensions>cpp;c;cc;cxx;def;odl;idl;hpj;bat;asm;asmx</Extensions>
    </Filter>
    <Filter Include="Header Files">
      <UniqueIdentifier>{93995380-89BD-4b04-88EB-625FBE52EBFB}</UniqueIdentifier>
      <Extensions>h;hh;hpp;hxx;hm;inl;inc;xsd</Extensions>
    </Filter>
    <Filter Include="TechDemo">
      <UniqueIdentifier>{82ff8d52-47b6-4ace-88f0-7cba028d4d1e}</UniqueIdentifier>
    </Filter>
    <Filter Include="Header Files\Audio">
      <UniqueIdentifier>{89613f25-6ace-4312-832a-e0dfd0c0f846}</UniqueIdentifier>
    </Filter>
    <Filter Include="Header Files\Input">
      <UniqueIdentifier>{8ba9fdf6-5f4a-40ee-97df-a0e8704afbd5}</UniqueIdentifier>
    </Filter>
    <Filter Include="Header Files\Graphics">
      <UniqueIdentifier>{668d5ad0-139f-4321-9065-4687161460a5}</UniqueIdentifier>
    </Filter>
    <Filter Include="Header Files\Resource Sets">
      <UniqueIdentifier>{20b02e18-76b0-4c1d-8f13-e672ea23b850}</UniqueIdentifier>
    </Filter>
    <Filter Include="Header Files\Engine">
      <UniqueIdentifier>{c21a2a49-bc0c-45d4-831c-f2f01d91c979}</UniqueIdentifier>
    </Filter>
    <Filter Include="Header Files\Classes">
      <UniqueIdentifier>{283b6cc5-1640-4a51-bec6-92de46908800}</UniqueIdentifier>
    </Filter>
    <Filter Include="Header Files\External">
      <UniqueIdentifier>{b09d14b7-1d4c-4c41-b21f-d2a292f38c36}</UniqueIdentifier>
    </Filter>
    <Filter Include="Source Files\Audio">
      <UniqueIdentifier>{fe596a85-7343-45bd-b9e2-6871e746bfc8}</UniqueIdentifier>
    </Filter>
    <Filter Include="Source Files\Input">
      <UniqueIdentifier>{3fc2a1a3-5fba-45d7-bf35-f33084b6b8e5}</UniqueIdentifier>
    </Filter>
    <Filter Include="Source Files\Graphics">
      <UniqueIdentifier>{39f72ee6-1547-4a5d-a0d9-a2f0de22e400}</UniqueIdentifier>
    </Filter>
    <Filter Include="Source Files\Engine">
      <UniqueIdentifier>{11827d64-e476-42ed-a068-89d46200debd}</UniqueIdentifier>
    </Filter>
    <Filter Include="Source Files\Classes">
      <UniqueIdentifier>{9b7e61fc-bc3c-4d1d-903c-1af922e5717f}</UniqueIdentifier>
    </Filter>
    <Filter Include="Source Files\External">
      <UniqueIdentifier>{5aaebe5c-c2e2-4c5c-aeee-426302a67403}</UniqueIdentifier>
    </Filter>
    <Filter Include="Source Files\Class Resources">
      <UniqueIdentifier>{905c9c5c-87fe-41b3-a9b7-4f4a84b13e2b}</UniqueIdentifier>
    </Filter>
    <Filter Include="Header Files\Class Resources">
      <UniqueIdentifier>{a2341c9f-bd3e-42c0-95aa-2ee0c4655edb}</UniqueIdentifier>
    </Filter>
    <Filter Include="Source Files\Resource Sets">
      <UniqueIdentifier>{c5847128-588c-4abe-a821-31697d018baf}</UniqueIdentifier>
    </Filter>
  </ItemGroup>
  <ItemGroup>
    <ClCompile Include="main.cpp">
      <Filter>TechDemo</Filter>
    </ClCompile>
    <ClCompile Include="game.cpp">
      <Filter>TechDemo</Filter>
    </ClCompile>
    <ClCompile Include="mainmenu.cpp">
      <Filter>TechDemo</Filter>
    </ClCompile>
    <ClCompile Include="menubutton.cpp">
      <Filter>TechDemo</Filter>
    </ClCompile>
    <ClCompile Include="data.cpp">
      <Filter>TechDemo</Filter>
    </ClCompile>
    <ClCompile Include="background.cpp">
      <Filter>TechDemo</Filter>
    </ClCompile>
    <ClCompile Include="sources\Audio.cpp">
      <Filter>Source Files\Audio</Filter>
    </ClCompile>
    <ClCompile Include="sources\AudioBank.cpp">
      <Filter>Source Files\Audio</Filter>
    </ClCompile>
    <ClCompile Include="sources\AudioBus.cpp">
      <Filter>Source Files\Audio</Filter>
    </ClCompile>
    <ClCompile Include="sources\AudioHandler.cpp">
      <Filter>Source Files\Audio</Filter>
    </ClCompile>
    <ClCompile Include="sources\Camera.cpp">
      <Filter>Source Files\Classes</Filter>
    </ClCompile>
    <ClCompile Include="sources\DepthItem.cpp">
      <Filter>Source Files\Class Resources</Filter>
    </ClCompile>
    <ClCompile Include="sources\EngineNamespace.cpp">
      <Filter>Source Files\Engine</Filter>
    </ClCompile>
    <ClCompile Include="sources\File.cpp">
      <Filter>Source Files\Classes</Filter>
    </ClCompile>
    <ClCompile Include="sources\Font.cpp">
      <Filter>Source Files\Graphics</Filter>
    </ClCompile>
    <ClCompile Include="sources\FontSet.cpp">
      <Filter>Source Files\Resource Sets</Filter>
    </ClCompile>
    <ClCompile Include="sources\GraphicsHandler.cpp">
      <Filter>Source Files\Graphics</Filter>
    </ClCompile>
    <ClCompile Include="sources\Input.cpp">
      <Filter>Source Files\Input</Filter>
    </ClCompile>
    <ClCompile Include="sources\InputHandler.cpp">
      <Filter>Source Files\Input</Filter>
    </ClCompile>
    <ClCompile Include="sources\Loader.cpp">
      <Filter>Source Files\Resource Sets</Filter>
    </ClCompile>
    <ClCompile Include="sources\Video.cpp">
      <Filter>Source Files\Classes</Filter>
    </ClCompile>
    <ClCompile Include="sources\TMXparser.cpp">
      <Filter>Source Files\Class Resources</Filter>
    </ClCompile>
    <ClCompile Include="sources\Timer.cpp">
      <Filter>Source Files\Classes</Filter>
    </ClCompile>
    <ClCompile Include="sources\Tag.cpp">
      <Filter>Source Files\Classes</Filter>
    </ClCompile>
    <ClCompile Include="sources\SteamHandler.cpp">
      <Filter>Source Files\External</Filter>
    </ClCompile>
    <ClCompile Include="sources\SpriteSet.cpp">
      <Filter>Source Files\Resource Sets</Filter>
    </ClCompile>
    <ClCompile Include="sources\SlaskEngine.cpp">
      <Filter>Source Files\Engine</Filter>
    </ClCompile>
    <ClCompile Include="sources\Scene.cpp">
      <Filter>Source Files\Classes</Filter>
    </ClCompile>
    <ClCompile Include="sources\Object.cpp">
      <Filter>Source Files\Classes</Filter>
    </ClCompile>
    <ClCompile Include="sources\LogHandler.cpp">
      <Filter>Source Files\Engine</Filter>
    </ClCompile>
    <ClCompile Include="sources\Sprite.cpp">
      <Filter>Source Files\Graphics</Filter>
    </ClCompile>
    <ClCompile Include="sources\SlaskNamespace.cpp">
      <Filter>Source Files\Engine</Filter>
    </ClCompile>
    <ClCompile Include="sources\AudioSet.cpp">
      <Filter>Source Files\Resource Sets</Filter>
    </ClCompile>
    <ClCompile Include="sources\InputNames.cpp">
      <Filter>Source Files\Input</Filter>
    </ClCompile>
    <ClCompile Include="sources\Video.cpp">
      <Filter>Source Files\Graphics</Filter>
    </ClCompile>
    <ClCompile Include="highscores.cpp">
      <Filter>TechDemo</Filter>
    </ClCompile>
    <ClCompile Include="hsplace.cpp">
      <Filter>TechDemo</Filter>
    </ClCompile>
  </ItemGroup>
  <ItemGroup>
    <None Include="packages.config" />
    <None Include="ClassDiagram.cd" />
    <None Include="Documentation files\SlaskEngine API Documentation.hnd" />
  </ItemGroup>
  <ItemGroup>
    <ClInclude Include="game.h">
      <Filter>TechDemo</Filter>
    </ClInclude>
    <ClInclude Include="mainmenu.h">
      <Filter>TechDemo</Filter>
    </ClInclude>
    <ClInclude Include="menubutton.h">
      <Filter>TechDemo</Filter>
    </ClInclude>
    <ClInclude Include="data.h">
      <Filter>TechDemo</Filter>
    </ClInclude>
    <ClInclude Include="background.h">
      <Filter>TechDemo</Filter>
    </ClInclude>
    <ClInclude Include="include\Audio.h">
      <Filter>Header Files\Audio</Filter>
    </ClInclude>
    <ClInclude Include="include\AudioBank.h">
      <Filter>Header Files\Audio</Filter>
    </ClInclude>
    <ClInclude Include="include\AudioBus.h">
      <Filter>Header Files\Audio</Filter>
    </ClInclude>
    <ClInclude Include="include\AudioHandler.h">
      <Filter>Header Files\Audio</Filter>
    </ClInclude>
    <ClInclude Include="include\Input.h">
      <Filter>Header Files\Input</Filter>
    </ClInclude>
    <ClInclude Include="include\InputHandler.h">
      <Filter>Header Files\Input</Filter>
    </ClInclude>
    <ClInclude Include="include\Font.h">
      <Filter>Header Files\Graphics</Filter>
    </ClInclude>
    <ClInclude Include="include\FontChar.h">
      <Filter>Header Files\Graphics</Filter>
    </ClInclude>
    <ClInclude Include="include\DepthItem.h">
      <Filter>Header Files\Class Resources</Filter>
    </ClInclude>
    <ClInclude Include="include\FontSet.h">
      <Filter>Header Files\Resource Sets</Filter>
    </ClInclude>
    <ClInclude Include="include\EngineNamespace.h">
      <Filter>Header Files\Engine</Filter>
    </ClInclude>
    <ClInclude Include="include\GraphicsHandler.h">
      <Filter>Header Files\Graphics</Filter>
    </ClInclude>
    <ClInclude Include="include\LinkedList.h">
      <Filter>Header Files\Class Resources</Filter>
    </ClInclude>
    <ClInclude Include="include\ListHandle.h">
      <Filter>Header Files\Class Resources</Filter>
    </ClInclude>
    <ClInclude Include="include\LogHandler.h">
      <Filter>Header Files\Engine</Filter>
    </ClInclude>
    <ClInclude Include="include\Loader.h">
      <Filter>Header Files\Resource Sets</Filter>
    </ClInclude>
    <ClInclude Include="include\Platform.h">
      <Filter>Header Files\Engine</Filter>
    </ClInclude>
    <ClInclude Include="include\SlaskEngine.h">
      <Filter>Header Files\Engine</Filter>
    </ClInclude>
    <ClInclude Include="include\Sprite.h">
      <Filter>Header Files\Graphics</Filter>
    </ClInclude>
    <ClInclude Include="include\SpriteSet.h">
      <Filter>Header Files\Resource Sets</Filter>
    </ClInclude>
    <ClInclude Include="include\Camera.h">
      <Filter>Header Files\Classes</Filter>
    </ClInclude>
    <ClInclude Include="include\Object.h">
      <Filter>Header Files\Classes</Filter>
    </ClInclude>
    <ClInclude Include="include\Scene.h">
      <Filter>Header Files\Classes</Filter>
    </ClInclude>
    <ClInclude Include="include\Tag.h">
      <Filter>Header Files\Classes</Filter>
    </ClInclude>
    <ClInclude Include="include\TMXparser.h">
      <Filter>Header Files\Class Resources</Filter>
    </ClInclude>
    <ClInclude Include="include\Video.h">
      <Filter>Header Files\Classes</Filter>
    </ClInclude>
    <ClInclude Include="include\Timer.h">
      <Filter>Header Files\Classes</Filter>
    </ClInclude>
    <ClInclude Include="include\SteamHandler.h">
      <Filter>Header Files\External</Filter>
    </ClInclude>
    <ClInclude Include="include\File.h">
      <Filter>Header Files\Classes</Filter>
    </ClInclude>
    <ClInclude Include="include\AudioSet.h">
      <Filter>Header Files\Resource Sets</Filter>
    </ClInclude>
    <ClInclude Include="include\Slask.h">
      <Filter>Header Files\Engine</Filter>
    </ClInclude>
    <ClInclude Include="include\SlaskNamespace.h">
      <Filter>Header Files\Engine</Filter>
    </ClInclude>
    <ClInclude Include="include\Video.h">
      <Filter>Header Files\Graphics</Filter>
    </ClInclude>
    <ClInclude Include="highscores.h">
      <Filter>TechDemo</Filter>
    </ClInclude>
    <ClInclude Include="hsplace.h">
      <Filter>TechDemo</Filter>
    </ClInclude>
  </ItemGroup>
</Project>