<?xml version="1.0" encoding="utf-8"?>
<Project ToolsVersion="4.0" xmlns="http://schemas.microsoft.com/developer/msbuild/2003">
  <ItemGroup>
    <Filter Include="Source Files">
      <UniqueIdentifier>{4FC737F1-C7A5-4376-A066-2A32D752A2FF}</UniqueIdentifier>
      <Extensions>cpp;c;cc;cxx;def;odl;idl;hpj;bat;asm;asmx</Extensions>
    </Filter>
    <Filter Include="Header Files">
      <UniqueIdentifier>{93995380-89BD-4b04-88EB-625FBE52EBFB}</UniqueIdentifier>
      <Extensions>h;hh;hpp;hxx;hm;inl;inc;xsd</Extensions>
    </Filter>
    <Filter Include="Resource Files">
      <UniqueIdentifier>{67DA6AB6-F800-4c08-8B7A-83BB121AAD01}</UniqueIdentifier>
      <Extensions>rc;ico;cur;bmp;dlg;rc2;rct;bin;rgs;gif;jpg;jpeg;jpe;resx;tiff;tif;png;wav;mfcribbon-ms</Extensions>
    </Filter>
    <Filter Include="TechDemo">
      <UniqueIdentifier>{82ff8d52-47b6-4ace-88f0-7cba028d4d1e}</UniqueIdentifier>
    </Filter>
  </ItemGroup>
  <ItemGroup>
    <ClCompile Include="sources\File.cpp">
      <Filter>Source Files</Filter>
    </ClCompile>
    <ClCompile Include="sources\Font.cpp">
      <Filter>Source Files</Filter>
    </ClCompile>
    <ClCompile Include="sources\GraphicsHandler.cpp">
      <Filter>Source Files</Filter>
    </ClCompile>
    <ClCompile Include="sources\InputHandler.cpp">
      <Filter>Source Files</Filter>
    </ClCompile>
    <ClCompile Include="sources\LogHandler.cpp">
      <Filter>Source Files</Filter>
    </ClCompile>
    <ClCompile Include="sources\Object.cpp">
      <Filter>Source Files</Filter>
    </ClCompile>
    <ClCompile Include="sources\Scene.cpp">
      <Filter>Source Files</Filter>
    </ClCompile>
    <ClCompile Include="sources\SlaskEngine.cpp">
      <Filter>Source Files</Filter>
    </ClCompile>
    <ClCompile Include="sources\slasknamespace.cpp">
      <Filter>Source Files</Filter>
    </ClCompile>
    <ClCompile Include="sources\Sprite.cpp">
      <Filter>Source Files</Filter>
    </ClCompile>
    <ClCompile Include="sources\Input.cpp">
      <Filter>Source Files</Filter>
    </ClCompile>
    <ClCompile Include="sources\AudioHandler.cpp">
      <Filter>Source Files</Filter>
    </ClCompile>
    <ClCompile Include="sources\Audio.cpp">
      <Filter>Source Files</Filter>
    </ClCompile>
    <ClCompile Include="sources\AudioBank.cpp">
      <Filter>Source Files</Filter>
    </ClCompile>
    <ClCompile Include="sources\AudioBus.cpp">
      <Filter>Source Files</Filter>
    </ClCompile>
    <ClCompile Include="sources\SteamHandler.cpp">
      <Filter>Source Files</Filter>
    </ClCompile>
    <ClCompile Include="techTestObject.cpp">
      <Filter>TechDemo</Filter>
    </ClCompile>
    <ClCompile Include="main.cpp">
      <Filter>TechDemo</Filter>
    </ClCompile>
    <ClCompile Include="techGame.cpp">
      <Filter>TechDemo</Filter>
    </ClCompile>
    <ClCompile Include="sources\Timer.cpp">
      <Filter>Source Files</Filter>
    </ClCompile>
    <ClCompile Include="techPlayer.cpp">
      <Filter>TechDemo</Filter>
    </ClCompile>
    <ClCompile Include="sources\SpriteSet.cpp">
      <Filter>Source Files</Filter>
    </ClCompile>
    <ClCompile Include="techEnemy.cpp">
      <Filter>TechDemo</Filter>
    </ClCompile>
    <ClCompile Include="sources\Loader.cpp">
      <Filter>Source Files</Filter>
    </ClCompile>
    <ClCompile Include="sources\TMXparser.cpp">
      <Filter>Source Files</Filter>
    </ClCompile>
    <ClCompile Include="sources\AudioSet.cpp">
      <Filter>Source Files</Filter>
    </ClCompile>
    <ClCompile Include="sources\FontSet.cpp">
      <Filter>Source Files</Filter>
    </ClCompile>
    <ClCompile Include="sources\Tag.cpp">
      <Filter>Source Files</Filter>
    </ClCompile>
    <ClCompile Include="sources\Camera.cpp">
      <Filter>Source Files</Filter>
    </ClCompile>
    <ClCompile Include="sources\Video.cpp">
      <Filter>Source Files</Filter>
    </ClCompile>
    <ClCompile Include="techTestBG.cpp">
      <Filter>Source Files</Filter>
    </ClCompile>
  </ItemGroup>
  <ItemGroup>
    <None Include="packages.config" />
    <None Include="ClassDiagram.cd" />
  </ItemGroup>
  <ItemGroup>
    <ClInclude Include="sources\File.h">
      <Filter>Header Files</Filter>
    </ClInclude>
    <ClInclude Include="sources\Font.h">
      <Filter>Header Files</Filter>
    </ClInclude>
    <ClInclude Include="sources\GraphicsHandler.h">
      <Filter>Header Files</Filter>
    </ClInclude>
    <ClInclude Include="sources\Input.h">
      <Filter>Header Files</Filter>
    </ClInclude>
    <ClInclude Include="sources\InputHandler.h">
      <Filter>Header Files</Filter>
    </ClInclude>
    <ClInclude Include="sources\LogHandler.h">
      <Filter>Header Files</Filter>
    </ClInclude>
    <ClInclude Include="sources\Object.h">
      <Filter>Header Files</Filter>
    </ClInclude>
    <ClInclude Include="sources\Scene.h">
      <Filter>Header Files</Filter>
    </ClInclude>
    <ClInclude Include="sources\SlaskEngine.h">
      <Filter>Header Files</Filter>
    </ClInclude>
    <ClInclude Include="sources\slasknamespace.h">
      <Filter>Header Files</Filter>
    </ClInclude>
    <ClInclude Include="sources\Sprite.h">
      <Filter>Header Files</Filter>
    </ClInclude>
    <ClInclude Include="sources\Audio.h">
      <Filter>Header Files</Filter>
    </ClInclude>
    <ClInclude Include="sources\AudioBank.h">
      <Filter>Header Files</Filter>
    </ClInclude>
    <ClInclude Include="sources\AudioBus.h">
      <Filter>Header Files</Filter>
    </ClInclude>
    <ClInclude Include="sources\AudioHandler.h">
      <Filter>Header Files</Filter>
    </ClInclude>
    <ClInclude Include="sources\LinkedList.h">
      <Filter>Header Files</Filter>
    </ClInclude>
    <ClInclude Include="sources\SteamHandler.h">
      <Filter>Header Files</Filter>
    </ClInclude>
    <ClInclude Include="sources\Slask.h">
      <Filter>Header Files</Filter>
    </ClInclude>
    <ClInclude Include="techTestObject.h">
      <Filter>TechDemo</Filter>
    </ClInclude>
    <ClInclude Include="sources\ListHandle.h">
      <Filter>Header Files</Filter>
    </ClInclude>
    <ClInclude Include="sources\Timer.h">
      <Filter>Header Files</Filter>
    </ClInclude>
    <ClInclude Include="sources\SpriteSet.h">
      <Filter>Header Files</Filter>
    </ClInclude>
    <ClInclude Include="techEnemy.h">
      <Filter>TechDemo</Filter>
    </ClInclude>
    <ClInclude Include="sources\Loader.h">
      <Filter>Header Files</Filter>
    </ClInclude>
    <ClInclude Include="techPlayer.h">
      <Filter>TechDemo</Filter>
    </ClInclude>
    <ClInclude Include="sources\TMXparser.h">
      <Filter>Header Files</Filter>
    </ClInclude>
    <ClInclude Include="sources\AudioSet.h">
      <Filter>Header Files</Filter>
    </ClInclude>
    <ClInclude Include="sources\FontSet.h">
      <Filter>Header Files</Filter>
    </ClInclude>
    <ClInclude Include="sources\Platform.h">
      <Filter>Header Files</Filter>
    </ClInclude>
    <ClInclude Include="sources\Tag.h">
      <Filter>Header Files</Filter>
    </ClInclude>
    <ClInclude Include="sources\Camera.h">
      <Filter>Header Files</Filter>
    </ClInclude>
    <ClInclude Include="sources\FontChar.h">
      <Filter>Header Files</Filter>
    </ClInclude>
    <ClInclude Include="sources\Video.h">
      <Filter>Header Files</Filter>
    </ClInclude>
    <ClInclude Include="techTestBG.h">
      <Filter>Header Files</Filter>
    </ClInclude>
  </ItemGroup>
</Project>